
Microsoft Visual Studio Solution File, Format Version 12.00
# Visual Studio Version 17
VisualStudioVersion = 17.8.34330.188
MinimumVisualStudioVersion = 10.0.40219.1
Project("{FAE04EC0-301F-11D3-BF4B-00C04F79EFBC}") = "SocialNetworkAnalyzerApi", "SocialNetworkAnalyzerApi\SocialNetworkAnalyzerApi.csproj", "{732FD515-4517-4B2D-B6FA-1482CEC4703E}"
EndProject
Project("{FAE04EC0-301F-11D3-BF4B-00C04F79EFBC}") = "SocialNetworkAnalayzerApiTests", "SocialNetworkAnalayzerApiTests\SocialNetworkAnalayzerApiTests.csproj", "{5F10B2E6-4D84-44EB-BEAF-2A5683210816}"
EndProject
Global
	GlobalSection(SolutionConfigurationPlatforms) = preSolution
		Debug|Any CPU = Debug|Any CPU
		Release|Any CPU = Release|Any CPU
	EndGlobalSection
	GlobalSection(ProjectConfigurationPlatforms) = postSolution
		{732FD515-4517-4B2D-B6FA-1482CEC4703E}.Debug|Any CPU.ActiveCfg = Debug|Any CPU
		{732FD515-4517-4B2D-B6FA-1482CEC4703E}.Debug|Any CPU.Build.0 = Debug|Any CPU
		{732FD515-4517-4B2D-B6FA-1482CEC4703E}.Release|Any CPU.ActiveCfg = Release|Any CPU
		{732FD515-4517-4B2D-B6FA-1482CEC4703E}.Release|Any CPU.Build.0 = Release|Any CPU
		{5F10B2E6-4D84-44EB-BEAF-2A5683210816}.Debug|Any CPU.ActiveCfg = Debug|Any CPU
		{5F10B2E6-4D84-44EB-BEAF-2A5683210816}.Debug|Any CPU.Build.0 = Debug|Any CPU
		{5F10B2E6-4D84-44EB-BEAF-2A5683210816}.Release|Any CPU.ActiveCfg = Release|Any CPU
		{5F10B2E6-4D84-44EB-BEAF-2A5683210816}.Release|Any CPU.Build.0 = Release|Any CPU
	EndGlobalSection
	GlobalSection(SolutionProperties) = preSolution
		HideSolutionNode = FALSE
	EndGlobalSection
	GlobalSection(ExtensibilityGlobals) = postSolution
		SolutionGuid = {1B68D826-3245-4439-8734-DD09035768B8}
	EndGlobalSection
EndGlobal
